
Microsoft Visual Studio Solution File, Format Version 12.00
# Visual Studio 15
VisualStudioVersion = 15.0.27428.2005
MinimumVisualStudioVersion = 10.0.40219.1
Project("{FAE04EC0-301F-11D3-BF4B-00C04F79EFBC}") = "GraduationProject", "GradutionProject\GraduationProject.csproj", "{02BEB6F0-E8D0-4239-A9BB-37B5CD089DA9}"
EndProject
Global
	GlobalSection(SolutionConfigurationPlatforms) = preSolution
		Debug|Any CPU = Debug|Any CPU
		Release|Any CPU = Release|Any CPU
	EndGlobalSection
	GlobalSection(ProjectConfigurationPlatforms) = postSolution
		{02BEB6F0-E8D0-4239-A9BB-37B5CD089DA9}.Debug|Any CPU.ActiveCfg = Debug|Any CPU
		{02BEB6F0-E8D0-4239-A9BB-37B5CD089DA9}.Debug|Any CPU.Build.0 = Debug|Any CPU
		{02BEB6F0-E8D0-4239-A9BB-37B5CD089DA9}.Release|Any CPU.ActiveCfg = Release|Any CPU
		{02BEB6F0-E8D0-4239-A9BB-37B5CD089DA9}.Release|Any CPU.Build.0 = Release|Any CPU
	EndGlobalSection
	GlobalSection(SolutionProperties) = preSolution
		HideSolutionNode = FALSE
	EndGlobalSection
	GlobalSection(ExtensibilityGlobals) = postSolution
		SolutionGuid = {F73CBE2D-83D9-45EC-9D11-288476029233}
	EndGlobalSection
EndGlobal
